// !$*UTF8*$!
{
	archiveVersion = 1;
	classes = {
	};
	objectVersion = 56;
	objects = {

/* Begin PBXBuildFile section */
		D60976EA2B0EFBDD00554159 /* StickyHeaderWithTabsApp.swift in Sources */ = {isa = PBXBuildFile; fileRef = D60976E92B0EFBDD00554159 /* StickyHeaderWithTabsApp.swift */; };
		D60976EC2B0EFBDD00554159 /* ContentView.swift in Sources */ = {isa = PBXBuildFile; fileRef = D60976EB2B0EFBDD00554159 /* ContentView.swift */; };
		D60976EE2B0EFBE400554159 /* Assets.xcassets in Resources */ = {isa = PBXBuildFile; fileRef = D60976ED2B0EFBE400554159 /* Assets.xcassets */; };
		D60976F12B0EFBE400554159 /* Preview Assets.xcassets in Resources */ = {isa = PBXBuildFile; fileRef = D60976F02B0EFBE400554159 /* Preview Assets.xcassets */; };
		D60976FB2B0EFE5100554159 /* Home.swift in Sources */ = {isa = PBXBuildFile; fileRef = D60976FA2B0EFE5100554159 /* Home.swift */; };
		D60976FD2B0EFF4100554159 /* Food.swift in Sources */ = {isa = PBXBuildFile; fileRef = D60976FC2B0EFF4100554159 /* Food.swift */; };
		D60976FF2B0F037300554159 /* CardView.swift in Sources */ = {isa = PBXBuildFile; fileRef = D60976FE2B0F037300554159 /* CardView.swift */; };
		D60977012B0F080300554159 /* HeaderView.swift in Sources */ = {isa = PBXBuildFile; fileRef = D60977002B0F080200554159 /* HeaderView.swift */; };
		D60977032B0F0D7200554159 /* Tab.swift in Sources */ = {isa = PBXBuildFile; fileRef = D60977022B0F0D7200554159 /* Tab.swift */; };
		D60977052B0F124C00554159 /* HomeViewModel.swift in Sources */ = {isa = PBXBuildFile; fileRef = D60977042B0F124C00554159 /* HomeViewModel.swift */; };
/* End PBXBuildFile section */

/* Begin PBXFileReference section */
		D60976E62B0EFBDD00554159 /* StickyHeaderWithTabs.app */ = {isa = PBXFileReference; explicitFileType = wrapper.application; includeInIndex = 0; path = StickyHeaderWithTabs.app; sourceTree = BUILT_PRODUCTS_DIR; };
		D60976E92B0EFBDD00554159 /* StickyHeaderWithTabsApp.swift */ = {isa = PBXFileReference; lastKnownFileType = sourcecode.swift; path = StickyHeaderWithTabsApp.swift; sourceTree = "<group>"; };
		D60976EB2B0EFBDD00554159 /* ContentView.swift */ = {isa = PBXFileReference; lastKnownFileType = sourcecode.swift; path = ContentView.swift; sourceTree = "<group>"; };
		D60976ED2B0EFBE400554159 /* Assets.xcassets */ = {isa = PBXFileReference; lastKnownFileType = folder.assetcatalog; path = Assets.xcassets; sourceTree = "<group>"; };
		D60976F02B0EFBE400554159 /* Preview Assets.xcassets */ = {isa = PBXFileReference; lastKnownFileType = folder.assetcatalog; path = "Preview Assets.xcassets"; sourceTree = "<group>"; };
		D60976FA2B0EFE5100554159 /* Home.swift */ = {isa = PBXFileReference; lastKnownFileType = sourcecode.swift; path = Home.swift; sourceTree = "<group>"; };
		D60976FC2B0EFF4100554159 /* Food.swift */ = {isa = PBXFileReference; lastKnownFileType = sourcecode.swift; path = Food.swift; sourceTree = "<group>"; };
		D60976FE2B0F037300554159 /* CardView.swift */ = {isa = PBXFileReference; lastKnownFileType = sourcecode.swift; path = CardView.swift; sourceTree = "<group>"; };
		D60977002B0F080200554159 /* HeaderView.swift */ = {isa = PBXFileReference; lastKnownFileType = sourcecode.swift; path = HeaderView.swift; sourceTree = "<group>"; };
		D60977022B0F0D7200554159 /* Tab.swift */ = {isa = PBXFileReference; lastKnownFileType = sourcecode.swift; path = Tab.swift; sourceTree = "<group>"; };
		D60977042B0F124C00554159 /* HomeViewModel.swift */ = {isa = PBXFileReference; lastKnownFileType = sourcecode.swift; path = HomeViewModel.swift; sourceTree = "<group>"; };
/* End PBXFileReference section */

/* Begin PBXFrameworksBuildPhase section */
		D60976E32B0EFBDD00554159 /* Frameworks */ = {
			isa = PBXFrameworksBuildPhase;
			buildActionMask = 2147483647;
			files = (
			);
			runOnlyForDeploymentPostprocessing = 0;
		};
/* End PBXFrameworksBuildPhase section */

/* Begin PBXGroup section */
		D60976DD2B0EFBDD00554159 = {
			isa = PBXGroup;
			children = (
				D60976E82B0EFBDD00554159 /* StickyHeaderWithTabs */,
				D60976E72B0EFBDD00554159 /* Products */,
			);
			sourceTree = "<group>";
		};
		D60976E72B0EFBDD00554159 /* Products */ = {
			isa = PBXGroup;
			children = (
				D60976E62B0EFBDD00554159 /* StickyHeaderWithTabs.app */,
			);
			name = Products;
			sourceTree = "<group>";
		};
		D60976E82B0EFBDD00554159 /* StickyHeaderWithTabs */ = {
			isa = PBXGroup;
			children = (
				D60976F92B0EFE2C00554159 /* Model */,
				D60976F82B0EFE2500554159 /* ViewModel */,
				D60976F72B0EFE0D00554159 /* View */,
				D60976E92B0EFBDD00554159 /* StickyHeaderWithTabsApp.swift */,
				D60976EB2B0EFBDD00554159 /* ContentView.swift */,
				D60976ED2B0EFBE400554159 /* Assets.xcassets */,
				D60976EF2B0EFBE400554159 /* Preview Content */,
			);
			path = StickyHeaderWithTabs;
			sourceTree = "<group>";
		};
		D60976EF2B0EFBE400554159 /* Preview Content */ = {
			isa = PBXGroup;
			children = (
				D60976F02B0EFBE400554159 /* Preview Assets.xcassets */,
			);
			path = "Preview Content";
			sourceTree = "<group>";
		};
		D60976F72B0EFE0D00554159 /* View */ = {
			isa = PBXGroup;
			children = (
				D60976FA2B0EFE5100554159 /* Home.swift */,
				D60976FE2B0F037300554159 /* CardView.swift */,
				D60977002B0F080200554159 /* HeaderView.swift */,
				D60977022B0F0D7200554159 /* Tab.swift */,
			);
			path = View;
			sourceTree = "<group>";
		};
		D60976F82B0EFE2500554159 /* ViewModel */ = {
			isa = PBXGroup;
			children = (
				D60977042B0F124C00554159 /* HomeViewModel.swift */,
			);
			path = ViewModel;
			sourceTree = "<group>";
		};
		D60976F92B0EFE2C00554159 /* Model */ = {
			isa = PBXGroup;
			children = (
				D60976FC2B0EFF4100554159 /* Food.swift */,
			);
			path = Model;
			sourceTree = "<group>";
		};
/* End PBXGroup section */

/* Begin PBXNativeTarget section */
		D60976E52B0EFBDD00554159 /* StickyHeaderWithTabs */ = {
			isa = PBXNativeTarget;
			buildConfigurationList = D60976F42B0EFBE400554159 /* Build configuration list for PBXNativeTarget "StickyHeaderWithTabs" */;
			buildPhases = (
				D60976E22B0EFBDD00554159 /* Sources */,
				D60976E32B0EFBDD00554159 /* Frameworks */,
				D60976E42B0EFBDD00554159 /* Resources */,
			);
			buildRules = (
			);
			dependencies = (
			);
			name = StickyHeaderWithTabs;
			productName = StickyHeaderWithTabs;
			productReference = D60976E62B0EFBDD00554159 /* StickyHeaderWithTabs.app */;
			productType = "com.apple.product-type.application";
		};
/* End PBXNativeTarget section */

/* Begin PBXProject section */
		D60976DE2B0EFBDD00554159 /* Project object */ = {
			isa = PBXProject;
			attributes = {
				BuildIndependentTargetsInParallel = 1;
				LastSwiftUpdateCheck = 1500;
				LastUpgradeCheck = 1500;
				TargetAttributes = {
					D60976E52B0EFBDD00554159 = {
						CreatedOnToolsVersion = 15.0;
					};
				};
			};
			buildConfigurationList = D60976E12B0EFBDD00554159 /* Build configuration list for PBXProject "StickyHeaderWithTabs" */;
			compatibilityVersion = "Xcode 14.0";
			developmentRegion = en;
			hasScannedForEncodings = 0;
			knownRegions = (
				en,
				Base,
			);
			mainGroup = D60976DD2B0EFBDD00554159;
			productRefGroup = D60976E72B0EFBDD00554159 /* Products */;
			projectDirPath = "";
			projectRoot = "";
			targets = (
				D60976E52B0EFBDD00554159 /* StickyHeaderWithTabs */,
			);
		};
/* End PBXProject section */

/* Begin PBXResourcesBuildPhase section */
		D60976E42B0EFBDD00554159 /* Resources */ = {
			isa = PBXResourcesBuildPhase;
			buildActionMask = 2147483647;
			files = (
				D60976F12B0EFBE400554159 /* Preview Assets.xcassets in Resources */,
				D60976EE2B0EFBE400554159 /* Assets.xcassets in Resources */,
			);
			runOnlyForDeploymentPostprocessing = 0;
		};
/* End PBXResourcesBuildPhase section */

/* Begin PBXSourcesBuildPhase section */
		D60976E22B0EFBDD00554159 /* Sources */ = {
			isa = PBXSourcesBuildPhase;
			buildActionMask = 2147483647;
			files = (
				D60976EC2B0EFBDD00554159 /* ContentView.swift in Sources */,
				D60977012B0F080300554159 /* HeaderView.swift in Sources */,
				D60976FD2B0EFF4100554159 /* Food.swift in Sources */,
				D60977052B0F124C00554159 /* HomeViewModel.swift in Sources */,
				D60976FB2B0EFE5100554159 /* Home.swift in Sources */,
				D60976EA2B0EFBDD00554159 /* StickyHeaderWithTabsApp.swift in Sources */,
				D60976FF2B0F037300554159 /* CardView.swift in Sources */,
				D60977032B0F0D7200554159 /* Tab.swift in Sources */,
			);
			runOnlyForDeploymentPostprocessing = 0;
		};
/* End PBXSourcesBuildPhase section */

/* Begin XCBuildConfiguration section */
		D60976F22B0EFBE400554159 /* Debug */ = {
			isa = XCBuildConfiguration;
			buildSettings = {
				ALWAYS_SEARCH_USER_PATHS = NO;
				ASSETCATALOG_COMPILER_GENERATE_SWIFT_ASSET_SYMBOL_EXTENSIONS = YES;
				CLANG_ANALYZER_NONNULL = YES;
				CLANG_ANALYZER_NUMBER_OBJECT_CONVERSION = YES_AGGRESSIVE;
				CLANG_CXX_LANGUAGE_STANDARD = "gnu++20";
				CLANG_ENABLE_MODULES = YES;
				CLANG_ENABLE_OBJC_ARC = YES;
				CLANG_ENABLE_OBJC_WEAK = YES;
				CLANG_WARN_BLOCK_CAPTURE_AUTORELEASING = YES;
				CLANG_WARN_BOOL_CONVERSION = YES;
				CLANG_WARN_COMMA = YES;
				CLANG_WARN_CONSTANT_CONVERSION = YES;
				CLANG_WARN_DEPRECATED_OBJC_IMPLEMENTATIONS = YES;
				CLANG_WARN_DIRECT_OBJC_ISA_USAGE = YES_ERROR;
				CLANG_WARN_DOCUMENTATION_COMMENTS = YES;
				CLANG_WARN_EMPTY_BODY = YES;
				CLANG_WARN_ENUM_CONVERSION = YES;
				CLANG_WARN_INFINITE_RECURSION = YES;
				CLANG_WARN_INT_CONVERSION = YES;
				CLANG_WARN_NON_LITERAL_NULL_CONVERSION = YES;
				CLANG_WARN_OBJC_IMPLICIT_RETAIN_SELF = YES;
				CLANG_WARN_OBJC_LITERAL_CONVERSION = YES;
				CLANG_WARN_OBJC_ROOT_CLASS = YES_ERROR;
				CLANG_WARN_QUOTED_INCLUDE_IN_FRAMEWORK_HEADER = YES;
				CLANG_WARN_RANGE_LOOP_ANALYSIS = YES;
				CLANG_WARN_STRICT_PROTOTYPES = YES;
				CLANG_WARN_SUSPICIOUS_MOVE = YES;
				CLANG_WARN_UNGUARDED_AVAILABILITY = YES_AGGRESSIVE;
				CLANG_WARN_UNREACHABLE_CODE = YES;
				CLANG_WARN__DUPLICATE_METHOD_MATCH = YES;
				COPY_PHASE_STRIP = NO;
				DEBUG_INFORMATION_FORMAT = dwarf;
				ENABLE_STRICT_OBJC_MSGSEND = YES;
				ENABLE_TESTABILITY = YES;
				ENABLE_USER_SCRIPT_SANDBOXING = YES;
				GCC_C_LANGUAGE_STANDARD = gnu17;
				GCC_DYNAMIC_NO_PIC = NO;
				GCC_NO_COMMON_BLOCKS = YES;
				GCC_OPTIMIZATION_LEVEL = 0;
				GCC_PREPROCESSOR_DEFINITIONS = (
					"DEBUG=1",
					"$(inherited)",
				);
				GCC_WARN_64_TO_32_BIT_CONVERSION = YES;
				GCC_WARN_ABOUT_RETURN_TYPE = YES_ERROR;
				GCC_WARN_UNDECLARED_SELECTOR = YES;
				GCC_WARN_UNINITIALIZED_AUTOS = YES_AGGRESSIVE;
				GCC_WARN_UNUSED_FUNCTION = YES;
				GCC_WARN_UNUSED_VARIABLE = YES;
				IPHONEOS_DEPLOYMENT_TARGET = 14.7;
				LOCALIZATION_PREFERS_STRING_CATALOGS = YES;
				MTL_ENABLE_DEBUG_INFO = INCLUDE_SOURCE;
				MTL_FAST_MATH = YES;
				ONLY_ACTIVE_ARCH = YES;
				SDKROOT = iphoneos;
				SWIFT_ACTIVE_COMPILATION_CONDITIONS = "DEBUG $(inherited)";
				SWIFT_OPTIMIZATION_LEVEL = "-Onone";
			};
			name = Debug;
		};
		D60976F32B0EFBE400554159 /* Release */ = {
			isa = XCBuildConfiguration;
			buildSettings = {
				ALWAYS_SEARCH_USER_PATHS = NO;
				ASSETCATALOG_COMPILER_GENERATE_SWIFT_ASSET_SYMBOL_EXTENSIONS = YES;
				CLANG_ANALYZER_NONNULL = YES;
				CLANG_ANALYZER_NUMBER_OBJECT_CONVERSION = YES_AGGRESSIVE;
				CLANG_CXX_LANGUAGE_STANDARD = "gnu++20";
				CLANG_ENABLE_MODULES = YES;
				CLANG_ENABLE_OBJC_ARC = YES;
				CLANG_ENABLE_OBJC_WEAK = YES;
				CLANG_WARN_BLOCK_CAPTURE_AUTORELEASING = YES;
				CLANG_WARN_BOOL_CONVERSION = YES;
				CLANG_WARN_COMMA = YES;
				CLANG_WARN_CONSTANT_CONVERSION = YES;
				CLANG_WARN_DEPRECATED_OBJC_IMPLEMENTATIONS = YES;
				CLANG_WARN_DIRECT_OBJC_ISA_USAGE = YES_ERROR;
				CLANG_WARN_DOCUMENTATION_COMMENTS = YES;
				CLANG_WARN_EMPTY_BODY = YES;
				CLANG_WARN_ENUM_CONVERSION = YES;
				CLANG_WARN_INFINITE_RECURSION = YES;
				CLANG_WARN_INT_CONVERSION = YES;
				CLANG_WARN_NON_LITERAL_NULL_CONVERSION = YES;
				CLANG_WARN_OBJC_IMPLICIT_RETAIN_SELF = YES;
				CLANG_WARN_OBJC_LITERAL_CONVERSION = YES;
				CLANG_WARN_OBJC_ROOT_CLASS = YES_ERROR;
				CLANG_WARN_QUOTED_INCLUDE_IN_FRAMEWORK_HEADER = YES;
				CLANG_WARN_RANGE_LOOP_ANALYSIS = YES;
				CLANG_WARN_STRICT_PROTOTYPES = YES;
				CLANG_WARN_SUSPICIOUS_MOVE = YES;
				CLANG_WARN_UNGUARDED_AVAILABILITY = YES_AGGRESSIVE;
				CLANG_WARN_UNREACHABLE_CODE = YES;
				CLANG_WARN__DUPLICATE_METHOD_MATCH = YES;
				COPY_PHASE_STRIP = NO;
				DEBUG_INFORMATION_FORMAT = "dwarf-with-dsym";
				ENABLE_NS_ASSERTIONS = NO;
				ENABLE_STRICT_OBJC_MSGSEND = YES;
				ENABLE_USER_SCRIPT_SANDBOXING = YES;
				GCC_C_LANGUAGE_STANDARD = gnu17;
				GCC_NO_COMMON_BLOCKS = YES;
				GCC_WARN_64_TO_32_BIT_CONVERSION = YES;
				GCC_WARN_ABOUT_RETURN_TYPE = YES_ERROR;
				GCC_WARN_UNDECLARED_SELECTOR = YES;
				GCC_WARN_UNINITIALIZED_AUTOS = YES_AGGRESSIVE;
				GCC_WARN_UNUSED_FUNCTION = YES;
				GCC_WARN_UNUSED_VARIABLE = YES;
				IPHONEOS_DEPLOYMENT_TARGET = 14.7;
				LOCALIZATION_PREFERS_STRING_CATALOGS = YES;
				MTL_ENABLE_DEBUG_INFO = NO;
				MTL_FAST_MATH = YES;
				SDKROOT = iphoneos;
				SWIFT_COMPILATION_MODE = wholemodule;
				VALIDATE_PRODUCT = YES;
			};
			name = Release;
		};
		D60976F52B0EFBE400554159 /* Debug */ = {
			isa = XCBuildConfiguration;
			buildSettings = {
				ASSETCATALOG_COMPILER_APPICON_NAME = AppIcon;
				ASSETCATALOG_COMPILER_GLOBAL_ACCENT_COLOR_NAME = AccentColor;
				CODE_SIGN_STYLE = Automatic;
				CURRENT_PROJECT_VERSION = 1;
				DEVELOPMENT_ASSET_PATHS = "\"StickyHeaderWithTabs/Preview Content\"";
				DEVELOPMENT_TEAM = B6LN4XWA2V;
				ENABLE_PREVIEWS = YES;
				GENERATE_INFOPLIST_FILE = YES;
				INFOPLIST_KEY_UIApplicationSceneManifest_Generation = YES;
				INFOPLIST_KEY_UIApplicationSupportsIndirectInputEvents = YES;
				INFOPLIST_KEY_UILaunchScreen_Generation = YES;
				INFOPLIST_KEY_UISupportedInterfaceOrientations_iPad = "UIInterfaceOrientationPortrait UIInterfaceOrientationPortraitUpsideDown UIInterfaceOrientationLandscapeLeft UIInterfaceOrientationLandscapeRight";
				INFOPLIST_KEY_UISupportedInterfaceOrientations_iPhone = "UIInterfaceOrientationPortrait UIInterfaceOrientationLandscapeLeft UIInterfaceOrientationLandscapeRight";
				IPHONEOS_DEPLOYMENT_TARGET = 14.7;
				LD_RUNPATH_SEARCH_PATHS = (
					"$(inherited)",
					"@executable_path/Frameworks",
				);
				MARKETING_VERSION = 1.0;
				PRODUCT_BUNDLE_IDENTIFIER = com.va.StickyHeaderWithTabs;
				PRODUCT_NAME = "$(TARGET_NAME)";
				SUPPORTED_PLATFORMS = "iphoneos iphonesimulator";
				SUPPORTS_MACCATALYST = NO;
				SUPPORTS_MAC_DESIGNED_FOR_IPHONE_IPAD = NO;
				SWIFT_EMIT_LOC_STRINGS = YES;
				SWIFT_VERSION = 5.0;
				TARGETED_DEVICE_FAMILY = "1,2";
			};
			name = Debug;
		};
		D60976F62B0EFBE400554159 /* Release */ = {
			isa = XCBuildConfiguration;
			buildSettings = {
				ASSETCATALOG_COMPILER_APPICON_NAME = AppIcon;
				ASSETCATALOG_COMPILER_GLOBAL_ACCENT_COLOR_NAME = AccentColor;
				CODE_SIGN_STYLE = Automatic;
				CURRENT_PROJECT_VERSION = 1;
				DEVELOPMENT_ASSET_PATHS = "\"StickyHeaderWithTabs/Preview Content\"";
				DEVELOPMENT_TEAM = B6LN4XWA2V;
				ENABLE_PREVIEWS = YES;
				GENERATE_INFOPLIST_FILE = YES;
				INFOPLIST_KEY_UIApplicationSceneManifest_Generation = YES;
				INFOPLIST_KEY_UIApplicationSupportsIndirectInputEvents = YES;
				INFOPLIST_KEY_UILaunchScreen_Generation = YES;
				INFOPLIST_KEY_UISupportedInterfaceOrientations_iPad = "UIInterfaceOrientationPortrait UIInterfaceOrientationPortraitUpsideDown UIInterfaceOrientationLandscapeLeft UIInterfaceOrientationLandscapeRight";
				INFOPLIST_KEY_UISupportedInterfaceOrientations_iPhone = "UIInterfaceOrientationPortrait UIInterfaceOrientationLandscapeLeft UIInterfaceOrientationLandscapeRight";
				IPHONEOS_DEPLOYMENT_TARGET = 14.7;
				LD_RUNPATH_SEARCH_PATHS = (
					"$(inherited)",
					"@executable_path/Frameworks",
				);
				MARKETING_VERSION = 1.0;
				PRODUCT_BUNDLE_IDENTIFIER = com.va.StickyHeaderWithTabs;
				PRODUCT_NAME = "$(TARGET_NAME)";
				SUPPORTED_PLATFORMS = "iphoneos iphonesimulator";
				SUPPORTS_MACCATALYST = NO;
				SUPPORTS_MAC_DESIGNED_FOR_IPHONE_IPAD = NO;
				SWIFT_EMIT_LOC_STRINGS = YES;
				SWIFT_VERSION = 5.0;
				TARGETED_DEVICE_FAMILY = "1,2";
			};
			name = Release;
		};
/* End XCBuildConfiguration section */

/* Begin XCConfigurationList section */
		D60976E12B0EFBDD00554159 /* Build configuration list for PBXProject "StickyHeaderWithTabs" */ = {
			isa = XCConfigurationList;
			buildConfigurations = (
				D60976F22B0EFBE400554159 /* Debug */,
				D60976F32B0EFBE400554159 /* Release */,
			);
			defaultConfigurationIsVisible = 0;
			defaultConfigurationName = Release;
		};
		D60976F42B0EFBE400554159 /* Build configuration list for PBXNativeTarget "StickyHeaderWithTabs" */ = {
			isa = XCConfigurationList;
			buildConfigurations = (
				D60976F52B0EFBE400554159 /* Debug */,
				D60976F62B0EFBE400554159 /* Release */,
			);
			defaultConfigurationIsVisible = 0;
			defaultConfigurationName = Release;
		};
/* End XCConfigurationList section */
	};
	rootObject = D60976DE2B0EFBDD00554159 /* Project object */;
}
